
Microsoft Visual Studio Solution File, Format Version 12.00
# Visual Studio Version 18
VisualStudioVersion = 18.2.11430.68 d18.0
MinimumVisualStudioVersion = 10.0.40219.1
Project("{FAE04EC0-301F-11D3-BF4B-00C04F79EFBC}") = "CubingOverlays", "src\CubingOverlays.csproj", "{71A23D9A-F59D-407B-9096-B95B39C50E5B}"
EndProject
Project("{FAE04EC0-301F-11D3-BF4B-00C04F79EFBC}") = "CubingOverlaysTests", "tests\CubingOverlaysTests.csproj", "{078F7046-0E33-38E2-392B-49D49213E185}"
EndProject
Global
	GlobalSection(SolutionConfigurationPlatforms) = preSolution
		Debug|Any CPU = Debug|Any CPU
		Release|Any CPU = Release|Any CPU
	EndGlobalSection
	GlobalSection(ProjectConfigurationPlatforms) = postSolution
		{71A23D9A-F59D-407B-9096-B95B39C50E5B}.Debug|Any CPU.ActiveCfg = Debug|Any CPU
		{71A23D9A-F59D-407B-9096-B95B39C50E5B}.Debug|Any CPU.Build.0 = Debug|Any CPU
		{71A23D9A-F59D-407B-9096-B95B39C50E5B}.Release|Any CPU.ActiveCfg = Release|Any CPU
		{71A23D9A-F59D-407B-9096-B95B39C50E5B}.Release|Any CPU.Build.0 = Release|Any CPU
		{078F7046-0E33-38E2-392B-49D49213E185}.Debug|Any CPU.ActiveCfg = Debug|Any CPU
		{078F7046-0E33-38E2-392B-49D49213E185}.Debug|Any CPU.Build.0 = Debug|Any CPU
		{078F7046-0E33-38E2-392B-49D49213E185}.Release|Any CPU.ActiveCfg = Release|Any CPU
		{078F7046-0E33-38E2-392B-49D49213E185}.Release|Any CPU.Build.0 = Release|Any CPU
	EndGlobalSection
	GlobalSection(SolutionProperties) = preSolution
		HideSolutionNode = FALSE
	EndGlobalSection
	GlobalSection(ExtensibilityGlobals) = postSolution
		SolutionGuid = {40573279-DF23-478D-BDE8-69D2DC5E5BA7}
	EndGlobalSection
EndGlobal
